# THIS IS AN AUTOGENERATED FILE. DO NOT EDIT THIS FILE DIRECTLY.
# yarn lockfile v1


prettier-config-standard@^5.0.0:
  version "5.0.0"
  resolved "https://registry.yarnpkg.com/prettier-config-standard/-/prettier-config-standard-5.0.0.tgz#c99dbef099412eda0876f75fdc1732ffef2ab0e0"
  integrity sha512-QK252QwCxlsak8Zx+rPKZU31UdbRcu9iUk9X1ONYtLSO221OgvV9TlKoTf6iPDZtvF3vE2mkgzFIEgSUcGELSQ==
